
Microsoft Visual Studio Solution File, Format Version 12.00
# Visual Studio Version 17
VisualStudioVersion = 17.5.002.0
MinimumVisualStudioVersion = 10.0.40219.1
Project("{9A19103F-16F7-4668-BE54-9A1E7A4F7556}") = "DesafioPOO", "DesafioPOO.csproj", "{2497F92B-F597-4A48-81FE-64E5F5E36DF0}"
EndProject
Global
	GlobalSection(SolutionConfigurationPlatforms) = preSolution
		Debug|Any CPU = Debug|Any CPU
		Release|Any CPU = Release|Any CPU
	EndGlobalSection
	GlobalSection(ProjectConfigurationPlatforms) = postSolution
		{2497F92B-F597-4A48-81FE-64E5F5E36DF0}.Debug|Any CPU.ActiveCfg = Debug|Any CPU
		{2497F92B-F597-4A48-81FE-64E5F5E36DF0}.Debug|Any CPU.Build.0 = Debug|Any CPU
		{2497F92B-F597-4A48-81FE-64E5F5E36DF0}.Release|Any CPU.ActiveCfg = Release|Any CPU
		{2497F92B-F597-4A48-81FE-64E5F5E36DF0}.Release|Any CPU.Build.0 = Release|Any CPU
	EndGlobalSection
	GlobalSection(SolutionProperties) = preSolution
		HideSolutionNode = FALSE
	EndGlobalSection
	GlobalSection(ExtensibilityGlobals) = postSolution
		SolutionGuid = {FF4404F2-5133-461B-8B25-C94CB14AFC94}
	EndGlobalSection
EndGlobal
